github.com/jinzhu/inflection v1.0.0 h1:K317FqzuhWc8YvSVlFMCCUb36O/S9MCKRDI7QkRKD/E=
github.com/jinzhu/inflection v1.0.0/go.mod h1:h+uFLlag+Qp1Va5pdKtLDYj+kHp5pxUVkryuEj+Srlc=
github.com/jinzhu/now v1.1.5 h1:/o9tlHleP7gOFmsnYNz3RGnqzefHA47wQpKrrdTIwXQ=
github.com/jinzhu/now v1.1.5/go.mod h1:d3SSVoowX0Lcu0IBviAWJpolVfI5UJVZZ7cO71lE/z8=
github.com/super-npc/bronya-go v0.0.0-20250828072401-2ec3eddaa358 h1:JXkTSytQSlJZplwjTlgh09KTBj8xeOIyFy0zfy9WN34=
github.com/super-npc/bronya-go v0.0.0-20250828072401-2ec3eddaa358/go.mod h1:9ugRBvpwoufd/j4zl1l1u3ZePrRvzGTSNP7zmFG6r2s=
github.com/super-npc/bronya-go v0.0.0-20250828074006-20a7c9b94d77 h1:lsJaUYfTNJkuseeqZwEsBTMSiE9zYYc25SvRs/SdftE=
github.com/super-npc/bronya-go v0.0.0-20250828074006-20a7c9b94d77/go.mod h1:9ugRBvpwoufd/j4zl1l1u3ZePrRvzGTSNP7zmFG6r2s=
golang.org/x/text v0.28.0 h1:rhazDwis8INMIwQ4tpjLDzUhx6RlXqZNPEM0huQojng=
golang.org/x/text v0.28.0/go.mod h1:U8nCwOR8jO/marOQ0QbDiOngZVEBB7MAiitBuMjXiNU=
gorm.io/gorm v1.30.2 h1:f7bevlVoVe4Byu3pmbWPVHnPsLoWaMjEb7/clyr9Ivs=
gorm.io/gorm v1.30.2/go.mod h1:8Z33v652h4//uMA76KjeDH8mJXPm1QNCYrMeatR0DOE=
